
Microsoft Visual Studio Solution File, Format Version 12.00
# Visual Studio Version 17
VisualStudioVersion = 17.3.32819.101
MinimumVisualStudioVersion = 10.0.40219.1
Project("{888888A0-9F3D-457C-B088-3A5042F75D52}") = "GUI", "GUI\GUI.pyproj", "{A61B6AC9-1208-4B67-9768-0CCE12370324}"
EndProject
Global
	GlobalSection(SolutionConfigurationPlatforms) = preSolution
		Debug|Any CPU = Debug|Any CPU
		Release|Any CPU = Release|Any CPU
	EndGlobalSection
	GlobalSection(ProjectConfigurationPlatforms) = postSolution
		{A61B6AC9-1208-4B67-9768-0CCE12370324}.Debug|Any CPU.ActiveCfg = Debug|Any CPU
		{A61B6AC9-1208-4B67-9768-0CCE12370324}.Release|Any CPU.ActiveCfg = Release|Any CPU
	EndGlobalSection
	GlobalSection(SolutionProperties) = preSolution
		HideSolutionNode = FALSE
	EndGlobalSection
	GlobalSection(ExtensibilityGlobals) = postSolution
		SolutionGuid = {CD7B67FC-EB92-4561-A2AC-12B06D5D75CF}
	EndGlobalSection
EndGlobal
